github.com/Darklabel91/BrazilianLaws v0.0.0-20221020173932-f1720b799e9c h1:qwI8YTEyfD+h3l0HfmbrR5iD9yKAdh4j75R8FM+FAEI=
github.com/Darklabel91/BrazilianLaws v0.0.0-20221020173932-f1720b799e9c/go.mod h1:Nf9OvwherL+4C7WrHrpZiUutRapEbT8D67rbVC0ESxE=
github.com/Darklabel91/CNJ_Validate v1.3.4 h1:3NwOwOjzgJlyupLIdCth2zNFRj3G4m25RTPsbIOMyUc=
github.com/Darklabel91/CNJ_Validate v1.3.4/go.mod h1:rY8qe67X2iLDG15j8sYVtgDmp8xUjxGH664TI3Mi4u8=
github.com/Darklabel91/CNJ_Validate v1.3.5 h1:zhtI6W+iJkeJdZde7d64NTG1kdrWYLHKch8kDfebH9k=
github.com/Darklabel91/CNJ_Validate v1.3.5/go.mod h1:rY8qe67X2iLDG15j8sYVtgDmp8xUjxGH664TI3Mi4u8=
github.com/Darklabel91/CNJ_Validate v1.4.0 h1:R1QAha3egc5bCs2oG7sULPGoBeo9a1dt3j//2Ijct58=
github.com/Darklabel91/CNJ_Validate v1.4.0/go.mod h1:rY8qe67X2iLDG15j8sYVtgDmp8xUjxGH664TI3Mi4u8=
github.com/Darklabel91/Criminal_Classifier v0.0.0-20221020162543-ffa8ff3f42f4 h1:46+EA1s8ghT43gw6dNgqUky+end0CBMgSlOfoy8T2t8=
github.com/Darklabel91/Criminal_Classifier v0.0.0-20221020162543-ffa8ff3f42f4/go.mod h1:DyjJ1a9a+UZUupueRpBWdPk54pDZ/wPJj+x3otNqF8c=
github.com/Darklabel91/LegalDoc_Classifier v1.4.0 h1:pUnYHeFGhMEY8IWcZju+9fsLZYmQWVC8UmfYVV+CS5Y=
github.com/Darklabel91/LegalDoc_Classifier v1.4.0/go.mod h1:BDKOEA61KLvKhl+ABxXcDuGx1zUd6ztisVTld/Q1HiE=
